{
  "name": "zombie-dada",
  "version": "1.0.0",
  "lockfileVersion": 3,
  "requires": true,
  "packages": {
    "": {
      "name": "zombie-dada",
      "version": "1.0.0",
      "dependencies": {
        "pngjs": "^7.0.0"
      }
    },
    "node_modules/pngjs": {
      "version": "7.0.0",
      "license": "MIT",
      "engines": {
        "node": ">=14.19.0"
      }
    }
  }
}
